
Microsoft Visual Studio Solution File, Format Version 12.00
# Visual Studio Version 17
VisualStudioVersion = 17.14.36119.2
MinimumVisualStudioVersion = 10.0.40219.1
Project("{F184B08F-C81C-45F6-A57F-5ABD9991F28F}") = "VBbridge", "VBbridge\VBbridge.vbproj", "{0217A78F-74B3-4776-9599-DAF5FC6879B2}"
EndProject
Project("{2150E333-8FDC-42A3-9474-1A3956D46DE8}") = "Notes", "Notes", "{8EC462FD-D22E-90A8-E5CE-7E832BA40C5D}"
	ProjectSection(SolutionItems) = preProject
		Readme.txt = Readme.txt
	EndProjectSection
EndProject
Project("{888888A0-9F3D-457C-B088-3A5042F75D52}") = "PYbridge", "PYbridge\PYbridge.pyproj", "{F051C709-3F65-4C32-832A-0997F3143994}"
EndProject
Project("{F184B08F-C81C-45F6-A57F-5ABD9991F28F}") = "uMD_GUI", "uMD_GUI-30-Dec-7.29PM-20250316T042754Z-001\uMD_GUI-30-Dec-7.29PM\uMD_GUI.vbproj", "{3B319C35-1C84-4ED3-8676-B48BE433951B}"
EndProject
Global
	GlobalSection(SolutionConfigurationPlatforms) = preSolution
		Debug|Any CPU = Debug|Any CPU
		Release|Any CPU = Release|Any CPU
	EndGlobalSection
	GlobalSection(ProjectConfigurationPlatforms) = postSolution
		{0217A78F-74B3-4776-9599-DAF5FC6879B2}.Debug|Any CPU.ActiveCfg = Debug|Any CPU
		{0217A78F-74B3-4776-9599-DAF5FC6879B2}.Debug|Any CPU.Build.0 = Debug|Any CPU
		{0217A78F-74B3-4776-9599-DAF5FC6879B2}.Release|Any CPU.ActiveCfg = Release|Any CPU
		{0217A78F-74B3-4776-9599-DAF5FC6879B2}.Release|Any CPU.Build.0 = Release|Any CPU
		{F051C709-3F65-4C32-832A-0997F3143994}.Debug|Any CPU.ActiveCfg = Debug|Any CPU
		{F051C709-3F65-4C32-832A-0997F3143994}.Release|Any CPU.ActiveCfg = Release|Any CPU
		{3B319C35-1C84-4ED3-8676-B48BE433951B}.Debug|Any CPU.ActiveCfg = Debug|Any CPU
		{3B319C35-1C84-4ED3-8676-B48BE433951B}.Debug|Any CPU.Build.0 = Debug|Any CPU
		{3B319C35-1C84-4ED3-8676-B48BE433951B}.Release|Any CPU.ActiveCfg = Release|Any CPU
		{3B319C35-1C84-4ED3-8676-B48BE433951B}.Release|Any CPU.Build.0 = Release|Any CPU
	EndGlobalSection
	GlobalSection(SolutionProperties) = preSolution
		HideSolutionNode = FALSE
	EndGlobalSection
	GlobalSection(ExtensibilityGlobals) = postSolution
		SolutionGuid = {2064C874-6105-491B-8300-481B638FA49E}
	EndGlobalSection
EndGlobal
